// !$*UTF8*$!
{
	archiveVersion = 1;
	classes = {
	};
	objectVersion = 46;
	objects = {

/* Begin PBXBuildFile section */
		8E23B4A01D3B8A5A00A4D7A2 /* AppDelegate.swift in Sources */ = {isa = PBXBuildFile; fileRef = 8E23B49F1D3B8A5A00A4D7A2 /* AppDelegate.swift */; };
		8E23B4A21D3B8A5A00A4D7A2 /* ViewController.swift in Sources */ = {isa = PBXBuildFile; fileRef = 8E23B4A11D3B8A5A00A4D7A2 /* ViewController.swift */; };
		8E23B4A51D3B8A5A00A4D7A2 /* Main.storyboard in Resources */ = {isa = PBXBuildFile; fileRef = 8E23B4A31D3B8A5A00A4D7A2 /* Main.storyboard */; };
		8E23B4A81D3B8A5A00A4D7A2 /* LaunchScreen.storyboard in Resources */ = {isa = PBXBuildFile; fileRef = 8E23B4A61D3B8A5A00A4D7A2 /* LaunchScreen.storyboard */; };
/* End PBXBuildFile section */

/* Begin PBXFileReference section */
		8E23B49E1D3B8A5A00A4D7A2 /* IOSExampleApp.app */ = {isa = PBXFileReference; explicitFileType = wrapper.application; includeInIndex = 0; path = IOSExampleApp.app; sourceTree = BUILT_PRODUCTS_DIR; };
		8E23B49F1D3B8A5A00A4D7A2 /* AppDelegate.swift */ = {isa = PBXFileReference; lastKnownFileType = sourcecode.swift; path = AppDelegate.swift; sourceTree = "<group>"; };
		8E23B4A11D3B8A5A00A4D7A2 /* ViewController.swift */ = {isa = PBXFileReference; lastKnownFileType = sourcecode.swift; path = ViewController.swift; sourceTree = "<group>"; };
		8E23B4A41D3B8A5A00A4D7A2 /* Base */ = {isa = PBXFileReference; lastKnownFileType = file.storyboard; name = Base; path = Base.lproj/Main.storyboard; sourceTree = "<group>"; };
		8E23B4A71D3B8A5A00A4D7A2 /* Base */ = {isa = PBXFileReference; lastKnownFileType = file.storyboard; name = Base; path = Base.lproj/LaunchScreen.storyboard; sourceTree = "<group>"; };
		8E23B4A91D3B8A5A00A4D7A2 /* Info.plist */ = {isa = PBXFileReference; lastKnownFileType = text.plist.xml; path = Info.plist; sourceTree = "<group>"; };
/* End PBXFileReference section */

/* Begin PBXGroup section */
		8E23B49D1D3B8A5A00A4D7A2 = {isa = PBXGroup; children = (8E23B4A01D3B8A5A00A4D7A2 /* AppDelegate.swift */, 8E23B4A21D3B8A5A00A4D7A2 /* ViewController.swift */, 8E23B4A51D3B8A5A00A4D7A2 /* Main.storyboard */, 8E23B4A81D3B8A5A00A4D7A2 /* LaunchScreen.storyboard */, 8E23B4A91D3B8A5A00A4D7A2 /* Info.plist */, 8E23B49E1D3B8A5A00A4D7A2 /* IOSExampleApp.app */); sourceTree = "<group>"; };
/* End PBXGroup section */

/* Begin PBXNativeTarget section */
		8E23B49C1D3B8A5A00A4D7A2 /* IOSExampleApp */ = {
			isa = PBXNativeTarget;
			buildConfigurationList = 8E23B4B11D3B8A5A00A4D7A2 /* Build configuration list for PBXNativeTarget "IOSExampleApp" */;
			buildPhases = (
				8E23B4991D3B8A5A00A4D7A2 /* Sources */,
				8E23B49A1D3B8A5A00A4D7A2 /* Frameworks */,
				8E23B49B1D3B8A5A00A4D7A2 /* Resources */,
			);
			buildRules = (
			);
			dependencies = (
			);
			name = IOSExampleApp;
			productName = IOSExampleApp;
			productReference = 8E23B49E1D3B8A5A00A4D7A2 /* IOSExampleApp.app */;
			productType = "com.apple.product-type.application";
		};
/* End PBXNativeTarget section */

/* Begin PBXProject section */
		8E23B4961D3B8A5A00A4D7A2 /* Project object */ = {
			isa = PBXProject;
			attributes = {
				LastUpgradeCheck = 0830;
			};
			buildConfigurationList = 8E23B4981D3B8A5A00A4D7A2 /* Build configuration list for PBXProject */;
			compatibilityVersion = "Xcode 8.0";
			developmentRegion = en;
			hasScannedForEncodings = 0;
			knownRegions = (
				en,
				Base,
			);
			mainGroup = 8E23B49D1D3B8A5A00A4D7A2;
			productRefGroup = 8E23B49E1D3B8A5A00A4D7A2 /* IOSExampleApp.app */;
			projectDirPath = "";
			projectRoot = "";
			targets = (
				8E23B49C1D3B8A5A00A4D7A2 /* IOSExampleApp */,
			);
		};
/* End PBXProject section */

/* Begin PBXSourcesBuildPhase section */
		8E23B4991D3B8A5A00A4D7A2 /* Sources */ = {
			isa = PBXSourcesBuildPhase;
			buildActionMask = 2147483647;
			files = (
				8E23B4A21D3B8A5A00A4D7A2 /* ViewController.swift in Sources */,
				8E23B4A01D3B8A5A00A4D7A2 /* AppDelegate.swift in Sources */,
			);
			runOnlyForDeploymentPostprocessing = 0;
		};
/* End PBXSourcesBuildPhase section */

/* Begin PBXVariantGroup section */
		8E23B4A31D3B8A5A00A4D7A2 /* Main.storyboard */ = {isa = PBXVariantGroup; children = (8E23B4A41D3B8A5A00A4D7A2 /* Base */); name = Main.storyboard; sourceTree = "<group>"; };
		8E23B4A61D3B8A5A00A4D7A2 /* LaunchScreen.storyboard */ = {isa = PBXVariantGroup; children = (8E23B4A71D3B8A5A00A4D7A2 /* Base */); name = LaunchScreen.storyboard; sourceTree = "<group>"; };
/* End PBXVariantGroup section */

/* Begin XCBuildConfiguration section */
		8E23B4AF1D3B8A5A00A4D7A2 /* Debug */ = {
			isa = XCBuildConfiguration;
			buildSettings = {
				ASSETCATALOG_COMPILER_APPICON_NAME = AppIcon;
				CODE_SIGN_STYLE = Automatic;
				DEVELOPMENT_TEAM = "";
				INFOPLIST_FILE = IOSExampleApp/Info.plist;
				LD_RUNPATH_SEARCH_PATHS = (
					"$(inherited)",
					"@executable_path/Frameworks",
				);
				PRODUCT_BUNDLE_IDENTIFIER = com.example.IOSExampleApp;
				PRODUCT_NAME = "$(TARGET_NAME)";
				SWIFT_VERSION = 4.0;
			};
			name = Debug;
		};
		8E23B4B01D3B8A5A00A4D7A2 /* Release */ = {
			isa = XCBuildConfiguration;
			buildSettings = {
				ASSETCATALOG_COMPILER_APPICON_NAME = AppIcon;
				CODE_SIGN_STYLE = Automatic;
				DEVELOPMENT_TEAM = "";
				INFOPLIST_FILE = IOSExampleApp/Info.plist;
				LD_RUNPATH_SEARCH_PATHS = (
					"$(inherited)",
					"@executable_path/Frameworks",
				);
				PRODUCT_BUNDLE_IDENTIFIER = com.example.IOSExampleApp;
				PRODUCT_NAME = "$(TARGET_NAME)";
				SWIFT_VERSION = 4.0;
			};
			name = Release;
		};
		8E23B4B21D3B8A5A00A4D7A2 /* Debug */ = {
			isa = XCBuildConfiguration;
			buildSettings = {
				PRODUCT_NAME = "$(TARGET_NAME)";
			};
			name = Debug;
		};
		8E23B4B31D3B8A5A00A4D7A2 /* Release */ = {
			isa = XCBuildConfiguration;
			buildSettings = {
				PRODUCT_NAME = "$(TARGET_NAME)";
			};
			name = Release;
		};
/* End XCBuildConfiguration section */

/* Begin XCConfigurationList section */
		8E23B4981D3B8A5A00A4D7A2 /* Build configuration list for PBXProject */ = {
			isa = XCConfigurationList;
			buildConfigurations = (
				8E23B4AF1D3B8A5A00A4D7A2 /* Debug */,
				8E23B4B01D3B8A5A00A4D7A2 /* Release */,
			);
			defaultConfigurationIsVisible = 0;
			defaultConfigurationName = Release;
		};
		8E23B4B11D3B8A5A00A4D7A2 /* Build configuration list for PBXNativeTarget "IOSExampleApp" */ = {
			isa = XCConfigurationList;
			buildConfigurations = (
				8E23B4B21D3B8A5A00A4D7A2 /* Debug */,
				8E23B4B31D3B8A5A00A4D7A2 /* Release */,
			);
			defaultConfigurationIsVisible = 0;
			defaultConfigurationName = Release;
		};
/* End XCConfigurationList section */
	};
	rootObject = 8E23B4961D3B8A5A00A4D7A2 /* Project object */;
}
